
Microsoft Visual Studio Solution File, Format Version 12.00
# Visual Studio 14
VisualStudioVersion = 14.0.25420.1
MinimumVisualStudioVersion = 10.0.40219.1
Project("{FAE04EC0-301F-11D3-BF4B-00C04F79EFBC}") = "Binary_Search", "Binary_Search\Binary_Search.csproj", "{7393FB7E-1487-4595-B23A-48959BFA6E6B}"
EndProject
Project("{FAE04EC0-301F-11D3-BF4B-00C04F79EFBC}") = "Selection_Sort", "Selection_Sort\Selection_Sort.csproj", "{4CED704A-86D5-44A9-B1DF-59440F90F0F0}"
EndProject
Project("{FAE04EC0-301F-11D3-BF4B-00C04F79EFBC}") = "LoneNumber", "LoneNumber\LoneNumber.csproj", "{BBFBECFB-22EF-4F20-A4C3-8C72C0016F20}"
EndProject
Project("{FAE04EC0-301F-11D3-BF4B-00C04F79EFBC}") = "Recursive_Sum", "Recursive_Sum\Recursive_Sum.csproj", "{F0FF049F-0223-4E7B-9F08-F02BAB0F8700}"
EndProject
Global
	GlobalSection(SolutionConfigurationPlatforms) = preSolution
		Debug|Any CPU = Debug|Any CPU
		Release|Any CPU = Release|Any CPU
	EndGlobalSection
	GlobalSection(ProjectConfigurationPlatforms) = postSolution
		{7393FB7E-1487-4595-B23A-48959BFA6E6B}.Debug|Any CPU.ActiveCfg = Debug|Any CPU
		{7393FB7E-1487-4595-B23A-48959BFA6E6B}.Debug|Any CPU.Build.0 = Debug|Any CPU
		{7393FB7E-1487-4595-B23A-48959BFA6E6B}.Release|Any CPU.ActiveCfg = Release|Any CPU
		{7393FB7E-1487-4595-B23A-48959BFA6E6B}.Release|Any CPU.Build.0 = Release|Any CPU
		{4CED704A-86D5-44A9-B1DF-59440F90F0F0}.Debug|Any CPU.ActiveCfg = Debug|Any CPU
		{4CED704A-86D5-44A9-B1DF-59440F90F0F0}.Debug|Any CPU.Build.0 = Debug|Any CPU
		{4CED704A-86D5-44A9-B1DF-59440F90F0F0}.Release|Any CPU.ActiveCfg = Release|Any CPU
		{4CED704A-86D5-44A9-B1DF-59440F90F0F0}.Release|Any CPU.Build.0 = Release|Any CPU
		{BBFBECFB-22EF-4F20-A4C3-8C72C0016F20}.Debug|Any CPU.ActiveCfg = Debug|Any CPU
		{BBFBECFB-22EF-4F20-A4C3-8C72C0016F20}.Debug|Any CPU.Build.0 = Debug|Any CPU
		{BBFBECFB-22EF-4F20-A4C3-8C72C0016F20}.Release|Any CPU.ActiveCfg = Release|Any CPU
		{BBFBECFB-22EF-4F20-A4C3-8C72C0016F20}.Release|Any CPU.Build.0 = Release|Any CPU
		{F0FF049F-0223-4E7B-9F08-F02BAB0F8700}.Debug|Any CPU.ActiveCfg = Debug|Any CPU
		{F0FF049F-0223-4E7B-9F08-F02BAB0F8700}.Debug|Any CPU.Build.0 = Debug|Any CPU
		{F0FF049F-0223-4E7B-9F08-F02BAB0F8700}.Release|Any CPU.ActiveCfg = Release|Any CPU
		{F0FF049F-0223-4E7B-9F08-F02BAB0F8700}.Release|Any CPU.Build.0 = Release|Any CPU
	EndGlobalSection
	GlobalSection(SolutionProperties) = preSolution
		HideSolutionNode = FALSE
	EndGlobalSection
EndGlobal
